{
  "requires": true,
  "lockfileVersion": 1,
  "dependencies": {
    "bluebird": {
      "version": "3.7.2",
      "resolved": "https://registry.npmjs.org/bluebird/-/bluebird-3.7.2.tgz",
      "integrity": "sha512-XpNj6GDQzdfW+r2Wnn7xiSAd7TM3jzkxGXBGTtWKuSXv1xUV+azxAm8jdWZN06QTQk+2N2XB9jRDkvbmQmcRtg=="
    },
    "flask": {
      "version": "0.2.10",
      "resolved": "https://registry.npmjs.org/flask/-/flask-0.2.10.tgz",
      "integrity": "sha512-Zy69KIuFsoX0o2W5uDHHk1GHMwRT8QT0AboPQY7b1soCfJ2pfwKxHF2AGVwJmDUjzawgOavoY/UsXnZ7fk3lVQ=="
    },
    "python-bridge": {
      "version": "1.1.0",
      "resolved": "https://registry.npmjs.org/python-bridge/-/python-bridge-1.1.0.tgz",
      "integrity": "sha512-qjQ0QB8p9cn/XDeILQH0aP307hV58lrmv0Opjyub68Um7FHdF+ZXlTqyxNkKaXOFk2QSkScoPWwn7U9GGnrkeQ==",
      "requires": {
        "bluebird": "^3.5.0"
      }
    },
    "react-native-python": {
      "version": "0.0.0",
      "resolved": "https://registry.npmjs.org/react-native-python/-/react-native-python-0.0.0.tgz",
      "integrity": "sha512-zGJyRJRqcDC+TIxfsuJ0kOXQ1gZdynml/78Uc/BzGgeR0wmSX2TYNKaOtZpX2VnjUYjQ9K8J0z54XSbcurWJ2g=="
    }
  }
}
